# This file is automatically @generated by pesde.
# It is not intended for manual editing.
format = 2
name = "kimpure/precinct"
version = "0.1.2"
target = "luau"

[graph."jiwonz/greentea_luau@0.2.0 luau".pkg_ref]
ref_ty = "pesde"
index_url = "https://github.com/pesde-pkg/index"

[graph."kimpure/asciitable@0.2.9 luau"]
direct = ["asciitable", { name = "kimpure/asciitable", version = "^0.2.3", index = "default" }, "dev"]

[graph."kimpure/asciitable@0.2.9 luau".dependencies]
greentea_luau = ["jiwonz/greentea_luau@0.2.0 luau", "standard"]

[graph."kimpure/asciitable@0.2.9 luau".pkg_ref]
ref_ty = "pesde"
index_url = "https://github.com/pesde-pkg/index"

[graph."kimpure/asciitable@0.2.9 luau".pkg_ref.dependencies]
darklua = [{ name = "pesde/darklua", version = "^0.17.1", index = "https://github.com/pesde-pkg/index", target = "lune" }, "dev"]
greentea_luau = [{ name = "jiwonz/greentea_luau", version = "^0.2.0", index = "https://github.com/pesde-pkg/index", target = "luau" }, "standard"]
multitarget = [{ name = "jiwonz/multitarget", version = "^0.4.0-rc.30", index = "https://github.com/pesde-pkg/index", target = "lune" }, "dev"]
